
Microsoft Visual Studio Solution File, Format Version 12.00
# Visual Studio Version 17
VisualStudioVersion = 17.2.32616.157
MinimumVisualStudioVersion = 10.0.40219.1
Project("{9A19103F-16F7-4668-BE54-9A1E7A4F7556}") = "July2022", "July2022\July2022.csproj", "{E40501F0-20B4-4577-8DAB-0315A73DCF26}"
EndProject
Global
	GlobalSection(SolutionConfigurationPlatforms) = preSolution
		Debug|Any CPU = Debug|Any CPU
		Release|Any CPU = Release|Any CPU
	EndGlobalSection
	GlobalSection(ProjectConfigurationPlatforms) = postSolution
		{E40501F0-20B4-4577-8DAB-0315A73DCF26}.Debug|Any CPU.ActiveCfg = Debug|Any CPU
		{E40501F0-20B4-4577-8DAB-0315A73DCF26}.Debug|Any CPU.Build.0 = Debug|Any CPU
		{E40501F0-20B4-4577-8DAB-0315A73DCF26}.Release|Any CPU.ActiveCfg = Release|Any CPU
		{E40501F0-20B4-4577-8DAB-0315A73DCF26}.Release|Any CPU.Build.0 = Release|Any CPU
	EndGlobalSection
	GlobalSection(SolutionProperties) = preSolution
		HideSolutionNode = FALSE
	EndGlobalSection
	GlobalSection(ExtensibilityGlobals) = postSolution
		SolutionGuid = {27C7F982-6813-4B59-BC5F-EC592C3C4792}
	EndGlobalSection
EndGlobal
